// !$*UTF8*$!
{
	archiveVersion = 1;
	classes = {
	};
	objectVersion = 56;
	objects = {

/* Begin PBXBuildFile section */
		B87197702975FCA300D3FE18 /* AppDelegate.swift in Sources */ = {isa = PBXBuildFile; fileRef = B871976F2975FCA300D3FE18 /* AppDelegate.swift */; };
		B87197742975FCA300D3FE18 /* MainVC.swift in Sources */ = {isa = PBXBuildFile; fileRef = B87197732975FCA300D3FE18 /* MainVC.swift */; };
		B87197772975FCA300D3FE18 /* Main.storyboard in Resources */ = {isa = PBXBuildFile; fileRef = B87197752975FCA300D3FE18 /* Main.storyboard */; };
		B87197792975FCA400D3FE18 /* Assets.xcassets in Resources */ = {isa = PBXBuildFile; fileRef = B87197782975FCA400D3FE18 /* Assets.xcassets */; };
		B871977C2975FCA400D3FE18 /* LaunchScreen.storyboard in Resources */ = {isa = PBXBuildFile; fileRef = B871977A2975FCA400D3FE18 /* LaunchScreen.storyboard */; };
		B87197842975FED400D3FE18 /* SceneDelegate.swift in Sources */ = {isa = PBXBuildFile; fileRef = B87197832975FED400D3FE18 /* SceneDelegate.swift */; };
		B87197872976042B00D3FE18 /* BLEDataLink.swift in Sources */ = {isa = PBXBuildFile; fileRef = B87197862976042B00D3FE18 /* BLEDataLink.swift */; };
		B8719789297604D400D3FE18 /* BLEDataLink+Delegates.swift in Sources */ = {isa = PBXBuildFile; fileRef = B8719788297604D400D3FE18 /* BLEDataLink+Delegates.swift */; };
		B8774FD8297611A7003295E5 /* MainVC+Delegates.swift in Sources */ = {isa = PBXBuildFile; fileRef = B8774FD7297611A7003295E5 /* MainVC+Delegates.swift */; };
/* End PBXBuildFile section */

/* Begin PBXFileReference section */
		B871976C2975FCA300D3FE18 /* NearbyWithAccessory.app */ = {isa = PBXFileReference; explicitFileType = wrapper.application; includeInIndex = 0; path = NearbyWithAccessory.app; sourceTree = BUILT_PRODUCTS_DIR; };
		B871976F2975FCA300D3FE18 /* AppDelegate.swift */ = {isa = PBXFileReference; lastKnownFileType = sourcecode.swift; path = AppDelegate.swift; sourceTree = "<group>"; };
		B87197732975FCA300D3FE18 /* MainVC.swift */ = {isa = PBXFileReference; lastKnownFileType = sourcecode.swift; path = MainVC.swift; sourceTree = "<group>"; };
		B87197762975FCA300D3FE18 /* Base */ = {isa = PBXFileReference; lastKnownFileType = file.storyboard; name = Base; path = Base.lproj/Main.storyboard; sourceTree = "<group>"; };
		B87197782975FCA400D3FE18 /* Assets.xcassets */ = {isa = PBXFileReference; lastKnownFileType = folder.assetcatalog; path = Assets.xcassets; sourceTree = "<group>"; };
		B871977B2975FCA400D3FE18 /* Base */ = {isa = PBXFileReference; lastKnownFileType = file.storyboard; name = Base; path = Base.lproj/LaunchScreen.storyboard; sourceTree = "<group>"; };
		B871977D2975FCA400D3FE18 /* Info.plist */ = {isa = PBXFileReference; lastKnownFileType = text.plist.xml; path = Info.plist; sourceTree = "<group>"; };
		B87197832975FED400D3FE18 /* SceneDelegate.swift */ = {isa = PBXFileReference; fileEncoding = 4; lastKnownFileType = sourcecode.swift; path = SceneDelegate.swift; sourceTree = "<group>"; };
		B87197862976042B00D3FE18 /* BLEDataLink.swift */ = {isa = PBXFileReference; lastKnownFileType = sourcecode.swift; path = BLEDataLink.swift; sourceTree = "<group>"; };
		B8719788297604D400D3FE18 /* BLEDataLink+Delegates.swift */ = {isa = PBXFileReference; lastKnownFileType = sourcecode.swift; path = "BLEDataLink+Delegates.swift"; sourceTree = "<group>"; };
		B8774FD7297611A7003295E5 /* MainVC+Delegates.swift */ = {isa = PBXFileReference; lastKnownFileType = sourcecode.swift; path = "MainVC+Delegates.swift"; sourceTree = "<group>"; };
/* End PBXFileReference section */

/* Begin PBXFrameworksBuildPhase section */
		B87197692975FCA300D3FE18 /* Frameworks */ = {
			isa = PBXFrameworksBuildPhase;
			buildActionMask = 2147483647;
			files = (
			);
			runOnlyForDeploymentPostprocessing = 0;
		};
/* End PBXFrameworksBuildPhase section */

/* Begin PBXGroup section */
		B87197632975FCA300D3FE18 = {
			isa = PBXGroup;
			children = (
				B871976E2975FCA300D3FE18 /* NearbyWithAccessory */,
				B8719785297602C200D3FE18 /* Support Files */,
				B871976D2975FCA300D3FE18 /* Products */,
			);
			sourceTree = "<group>";
		};
		B871976D2975FCA300D3FE18 /* Products */ = {
			isa = PBXGroup;
			children = (
				B871976C2975FCA300D3FE18 /* NearbyWithAccessory.app */,
			);
			name = Products;
			sourceTree = "<group>";
		};
		B871976E2975FCA300D3FE18 /* NearbyWithAccessory */ = {
			isa = PBXGroup;
			children = (
				B87197732975FCA300D3FE18 /* MainVC.swift */,
				B8774FD7297611A7003295E5 /* MainVC+Delegates.swift */,
				B87197862976042B00D3FE18 /* BLEDataLink.swift */,
				B8719788297604D400D3FE18 /* BLEDataLink+Delegates.swift */,
			);
			path = NearbyWithAccessory;
			sourceTree = "<group>";
		};
		B8719785297602C200D3FE18 /* Support Files */ = {
			isa = PBXGroup;
			children = (
				B871976F2975FCA300D3FE18 /* AppDelegate.swift */,
				B87197832975FED400D3FE18 /* SceneDelegate.swift */,
				B87197752975FCA300D3FE18 /* Main.storyboard */,
				B87197782975FCA400D3FE18 /* Assets.xcassets */,
				B871977A2975FCA400D3FE18 /* LaunchScreen.storyboard */,
				B871977D2975FCA400D3FE18 /* Info.plist */,
			);
			path = "Support Files";
			sourceTree = "<group>";
		};
/* End PBXGroup section */

/* Begin PBXNativeTarget section */
		B871976B2975FCA300D3FE18 /* NearbyWithAccessory */ = {
			isa = PBXNativeTarget;
			buildConfigurationList = B87197802975FCA400D3FE18 /* Build configuration list for PBXNativeTarget "NearbyWithAccessory" */;
			buildPhases = (
				B87197682975FCA300D3FE18 /* Sources */,
				B87197692975FCA300D3FE18 /* Frameworks */,
				B871976A2975FCA300D3FE18 /* Resources */,
			);
			buildRules = (
			);
			dependencies = (
			);
			name = NearbyWithAccessory;
			productName = NearbyWithAccessory;
			productReference = B871976C2975FCA300D3FE18 /* NearbyWithAccessory.app */;
			productType = "com.apple.product-type.application";
		};
/* End PBXNativeTarget section */

/* Begin PBXProject section */
		B87197642975FCA300D3FE18 /* Project object */ = {
			isa = PBXProject;
			attributes = {
				BuildIndependentTargetsInParallel = 1;
				LastSwiftUpdateCheck = 1420;
				LastUpgradeCheck = 1420;
				TargetAttributes = {
					B871976B2975FCA300D3FE18 = {
						CreatedOnToolsVersion = 14.2;
					};
				};
			};
			buildConfigurationList = B87197672975FCA300D3FE18 /* Build configuration list for PBXProject "NearbyWithAccessory" */;
			compatibilityVersion = "Xcode 14.0";
			developmentRegion = en;
			hasScannedForEncodings = 0;
			knownRegions = (
				en,
				Base,
			);
			mainGroup = B87197632975FCA300D3FE18;
			productRefGroup = B871976D2975FCA300D3FE18 /* Products */;
			projectDirPath = "";
			projectRoot = "";
			targets = (
				B871976B2975FCA300D3FE18 /* NearbyWithAccessory */,
			);
		};
/* End PBXProject section */

/* Begin PBXResourcesBuildPhase section */
		B871976A2975FCA300D3FE18 /* Resources */ = {
			isa = PBXResourcesBuildPhase;
			buildActionMask = 2147483647;
			files = (
				B871977C2975FCA400D3FE18 /* LaunchScreen.storyboard in Resources */,
				B87197792975FCA400D3FE18 /* Assets.xcassets in Resources */,
				B87197772975FCA300D3FE18 /* Main.storyboard in Resources */,
			);
			runOnlyForDeploymentPostprocessing = 0;
		};
/* End PBXResourcesBuildPhase section */

/* Begin PBXSourcesBuildPhase section */
		B87197682975FCA300D3FE18 /* Sources */ = {
			isa = PBXSourcesBuildPhase;
			buildActionMask = 2147483647;
			files = (
				B87197742975FCA300D3FE18 /* MainVC.swift in Sources */,
				B8719789297604D400D3FE18 /* BLEDataLink+Delegates.swift in Sources */,
				B8774FD8297611A7003295E5 /* MainVC+Delegates.swift in Sources */,
				B87197702975FCA300D3FE18 /* AppDelegate.swift in Sources */,
				B87197842975FED400D3FE18 /* SceneDelegate.swift in Sources */,
				B87197872976042B00D3FE18 /* BLEDataLink.swift in Sources */,
			);
			runOnlyForDeploymentPostprocessing = 0;
		};
/* End PBXSourcesBuildPhase section */

/* Begin PBXVariantGroup section */
		B87197752975FCA300D3FE18 /* Main.storyboard */ = {
			isa = PBXVariantGroup;
			children = (
				B87197762975FCA300D3FE18 /* Base */,
			);
			name = Main.storyboard;
			sourceTree = "<group>";
		};
		B871977A2975FCA400D3FE18 /* LaunchScreen.storyboard */ = {
			isa = PBXVariantGroup;
			children = (
				B871977B2975FCA400D3FE18 /* Base */,
			);
			name = LaunchScreen.storyboard;
			sourceTree = "<group>";
		};
/* End PBXVariantGroup section */

/* Begin XCBuildConfiguration section */
		B871977E2975FCA400D3FE18 /* Debug */ = {
			isa = XCBuildConfiguration;
			buildSettings = {
				ALWAYS_SEARCH_USER_PATHS = NO;
				CLANG_ANALYZER_NONNULL = YES;
				CLANG_ANALYZER_NUMBER_OBJECT_CONVERSION = YES_AGGRESSIVE;
				CLANG_CXX_LANGUAGE_STANDARD = "gnu++20";
				CLANG_ENABLE_MODULES = YES;
				CLANG_ENABLE_OBJC_ARC = YES;
				CLANG_ENABLE_OBJC_WEAK = YES;
				CLANG_WARN_BLOCK_CAPTURE_AUTORELEASING = YES;
				CLANG_WARN_BOOL_CONVERSION = YES;
				CLANG_WARN_COMMA = YES;
				CLANG_WARN_CONSTANT_CONVERSION = YES;
				CLANG_WARN_DEPRECATED_OBJC_IMPLEMENTATIONS = YES;
				CLANG_WARN_DIRECT_OBJC_ISA_USAGE = YES_ERROR;
				CLANG_WARN_DOCUMENTATION_COMMENTS = YES;
				CLANG_WARN_EMPTY_BODY = YES;
				CLANG_WARN_ENUM_CONVERSION = YES;
				CLANG_WARN_INFINITE_RECURSION = YES;
				CLANG_WARN_INT_CONVERSION = YES;
				CLANG_WARN_NON_LITERAL_NULL_CONVERSION = YES;
				CLANG_WARN_OBJC_IMPLICIT_RETAIN_SELF = YES;
				CLANG_WARN_OBJC_LITERAL_CONVERSION = YES;
				CLANG_WARN_OBJC_ROOT_CLASS = YES_ERROR;
				CLANG_WARN_QUOTED_INCLUDE_IN_FRAMEWORK_HEADER = YES;
				CLANG_WARN_RANGE_LOOP_ANALYSIS = YES;
				CLANG_WARN_STRICT_PROTOTYPES = YES;
				CLANG_WARN_SUSPICIOUS_MOVE = YES;
				CLANG_WARN_UNGUARDED_AVAILABILITY = YES_AGGRESSIVE;
				CLANG_WARN_UNREACHABLE_CODE = YES;
				CLANG_WARN__DUPLICATE_METHOD_MATCH = YES;
				COPY_PHASE_STRIP = NO;
				DEBUG_INFORMATION_FORMAT = dwarf;
				ENABLE_STRICT_OBJC_MSGSEND = YES;
				ENABLE_TESTABILITY = YES;
				GCC_C_LANGUAGE_STANDARD = gnu11;
				GCC_DYNAMIC_NO_PIC = NO;
				GCC_NO_COMMON_BLOCKS = YES;
				GCC_OPTIMIZATION_LEVEL = 0;
				GCC_PREPROCESSOR_DEFINITIONS = (
					"DEBUG=1",
					"$(inherited)",
				);
				GCC_WARN_64_TO_32_BIT_CONVERSION = YES;
				GCC_WARN_ABOUT_RETURN_TYPE = YES_ERROR;
				GCC_WARN_UNDECLARED_SELECTOR = YES;
				GCC_WARN_UNINITIALIZED_AUTOS = YES_AGGRESSIVE;
				GCC_WARN_UNUSED_FUNCTION = YES;
				GCC_WARN_UNUSED_VARIABLE = YES;
				IPHONEOS_DEPLOYMENT_TARGET = 16.2;
				MTL_ENABLE_DEBUG_INFO = INCLUDE_SOURCE;
				MTL_FAST_MATH = YES;
				ONLY_ACTIVE_ARCH = YES;
				SDKROOT = iphoneos;
				SWIFT_ACTIVE_COMPILATION_CONDITIONS = DEBUG;
				SWIFT_OPTIMIZATION_LEVEL = "-Onone";
			};
			name = Debug;
		};
		B871977F2975FCA400D3FE18 /* Release */ = {
			isa = XCBuildConfiguration;
			buildSettings = {
				ALWAYS_SEARCH_USER_PATHS = NO;
				CLANG_ANALYZER_NONNULL = YES;
				CLANG_ANALYZER_NUMBER_OBJECT_CONVERSION = YES_AGGRESSIVE;
				CLANG_CXX_LANGUAGE_STANDARD = "gnu++20";
				CLANG_ENABLE_MODULES = YES;
				CLANG_ENABLE_OBJC_ARC = YES;
				CLANG_ENABLE_OBJC_WEAK = YES;
				CLANG_WARN_BLOCK_CAPTURE_AUTORELEASING = YES;
				CLANG_WARN_BOOL_CONVERSION = YES;
				CLANG_WARN_COMMA = YES;
				CLANG_WARN_CONSTANT_CONVERSION = YES;
				CLANG_WARN_DEPRECATED_OBJC_IMPLEMENTATIONS = YES;
				CLANG_WARN_DIRECT_OBJC_ISA_USAGE = YES_ERROR;
				CLANG_WARN_DOCUMENTATION_COMMENTS = YES;
				CLANG_WARN_EMPTY_BODY = YES;
				CLANG_WARN_ENUM_CONVERSION = YES;
				CLANG_WARN_INFINITE_RECURSION = YES;
				CLANG_WARN_INT_CONVERSION = YES;
				CLANG_WARN_NON_LITERAL_NULL_CONVERSION = YES;
				CLANG_WARN_OBJC_IMPLICIT_RETAIN_SELF = YES;
				CLANG_WARN_OBJC_LITERAL_CONVERSION = YES;
				CLANG_WARN_OBJC_ROOT_CLASS = YES_ERROR;
				CLANG_WARN_QUOTED_INCLUDE_IN_FRAMEWORK_HEADER = YES;
				CLANG_WARN_RANGE_LOOP_ANALYSIS = YES;
				CLANG_WARN_STRICT_PROTOTYPES = YES;
				CLANG_WARN_SUSPICIOUS_MOVE = YES;
				CLANG_WARN_UNGUARDED_AVAILABILITY = YES_AGGRESSIVE;
				CLANG_WARN_UNREACHABLE_CODE = YES;
				CLANG_WARN__DUPLICATE_METHOD_MATCH = YES;
				COPY_PHASE_STRIP = NO;
				DEBUG_INFORMATION_FORMAT = "dwarf-with-dsym";
				ENABLE_NS_ASSERTIONS = NO;
				ENABLE_STRICT_OBJC_MSGSEND = YES;
				GCC_C_LANGUAGE_STANDARD = gnu11;
				GCC_NO_COMMON_BLOCKS = YES;
				GCC_WARN_64_TO_32_BIT_CONVERSION = YES;
				GCC_WARN_ABOUT_RETURN_TYPE = YES_ERROR;
				GCC_WARN_UNDECLARED_SELECTOR = YES;
				GCC_WARN_UNINITIALIZED_AUTOS = YES_AGGRESSIVE;
				GCC_WARN_UNUSED_FUNCTION = YES;
				GCC_WARN_UNUSED_VARIABLE = YES;
				IPHONEOS_DEPLOYMENT_TARGET = 16.2;
				MTL_ENABLE_DEBUG_INFO = NO;
				MTL_FAST_MATH = YES;
				SDKROOT = iphoneos;
				SWIFT_COMPILATION_MODE = wholemodule;
				SWIFT_OPTIMIZATION_LEVEL = "-O";
				VALIDATE_PRODUCT = YES;
			};
			name = Release;
		};
		B87197812975FCA400D3FE18 /* Debug */ = {
			isa = XCBuildConfiguration;
			buildSettings = {
				ASSETCATALOG_COMPILER_APPICON_NAME = AppIcon;
				ASSETCATALOG_COMPILER_GLOBAL_ACCENT_COLOR_NAME = AccentColor;
				CODE_SIGN_STYLE = Automatic;
				CURRENT_PROJECT_VERSION = 1;
				DEVELOPMENT_TEAM = QP8Z378EKD;
				GENERATE_INFOPLIST_FILE = YES;
				INFOPLIST_FILE = "Support Files/Info.plist";
				INFOPLIST_KEY_NSBluetoothAlwaysUsageDescription = "Use BLE";
				INFOPLIST_KEY_NSNearbyInteractionUsageDescription = "User Nearby";
				INFOPLIST_KEY_UIApplicationSupportsIndirectInputEvents = YES;
				INFOPLIST_KEY_UILaunchStoryboardName = LaunchScreen;
				INFOPLIST_KEY_UIMainStoryboardFile = Main;
				INFOPLIST_KEY_UISupportedInterfaceOrientations_iPad = "UIInterfaceOrientationPortrait UIInterfaceOrientationPortraitUpsideDown UIInterfaceOrientationLandscapeLeft UIInterfaceOrientationLandscapeRight";
				INFOPLIST_KEY_UISupportedInterfaceOrientations_iPhone = "UIInterfaceOrientationPortrait UIInterfaceOrientationLandscapeLeft UIInterfaceOrientationLandscapeRight";
				IPHONEOS_DEPLOYMENT_TARGET = 15.0;
				LD_RUNPATH_SEARCH_PATHS = (
					"$(inherited)",
					"@executable_path/Frameworks",
				);
				MARKETING_VERSION = 1.0;
				PRODUCT_BUNDLE_IDENTIFIER = com.jay.muthialu.NearbyWithAccessory;
				PRODUCT_NAME = "$(TARGET_NAME)";
				SWIFT_EMIT_LOC_STRINGS = YES;
				SWIFT_VERSION = 5.0;
				TARGETED_DEVICE_FAMILY = "1,2";
			};
			name = Debug;
		};
		B87197822975FCA400D3FE18 /* Release */ = {
			isa = XCBuildConfiguration;
			buildSettings = {
				ASSETCATALOG_COMPILER_APPICON_NAME = AppIcon;
				ASSETCATALOG_COMPILER_GLOBAL_ACCENT_COLOR_NAME = AccentColor;
				CODE_SIGN_STYLE = Automatic;
				CURRENT_PROJECT_VERSION = 1;
				DEVELOPMENT_TEAM = QP8Z378EKD;
				GENERATE_INFOPLIST_FILE = YES;
				INFOPLIST_FILE = "Support Files/Info.plist";
				INFOPLIST_KEY_NSBluetoothAlwaysUsageDescription = "Use BLE";
				INFOPLIST_KEY_NSNearbyInteractionUsageDescription = "User Nearby";
				INFOPLIST_KEY_UIApplicationSupportsIndirectInputEvents = YES;
				INFOPLIST_KEY_UILaunchStoryboardName = LaunchScreen;
				INFOPLIST_KEY_UIMainStoryboardFile = Main;
				INFOPLIST_KEY_UISupportedInterfaceOrientations_iPad = "UIInterfaceOrientationPortrait UIInterfaceOrientationPortraitUpsideDown UIInterfaceOrientationLandscapeLeft UIInterfaceOrientationLandscapeRight";
				INFOPLIST_KEY_UISupportedInterfaceOrientations_iPhone = "UIInterfaceOrientationPortrait UIInterfaceOrientationLandscapeLeft UIInterfaceOrientationLandscapeRight";
				IPHONEOS_DEPLOYMENT_TARGET = 15.0;
				LD_RUNPATH_SEARCH_PATHS = (
					"$(inherited)",
					"@executable_path/Frameworks",
				);
				MARKETING_VERSION = 1.0;
				PRODUCT_BUNDLE_IDENTIFIER = com.jay.muthialu.NearbyWithAccessory;
				PRODUCT_NAME = "$(TARGET_NAME)";
				SWIFT_EMIT_LOC_STRINGS = YES;
				SWIFT_VERSION = 5.0;
				TARGETED_DEVICE_FAMILY = "1,2";
			};
			name = Release;
		};
/* End XCBuildConfiguration section */

/* Begin XCConfigurationList section */
		B87197672975FCA300D3FE18 /* Build configuration list for PBXProject "NearbyWithAccessory" */ = {
			isa = XCConfigurationList;
			buildConfigurations = (
				B871977E2975FCA400D3FE18 /* Debug */,
				B871977F2975FCA400D3FE18 /* Release */,
			);
			defaultConfigurationIsVisible = 0;
			defaultConfigurationName = Release;
		};
		B87197802975FCA400D3FE18 /* Build configuration list for PBXNativeTarget "NearbyWithAccessory" */ = {
			isa = XCConfigurationList;
			buildConfigurations = (
				B87197812975FCA400D3FE18 /* Debug */,
				B87197822975FCA400D3FE18 /* Release */,
			);
			defaultConfigurationIsVisible = 0;
			defaultConfigurationName = Release;
		};
/* End XCConfigurationList section */
	};
	rootObject = B87197642975FCA300D3FE18 /* Project object */;
}
